
Microsoft Visual Studio Solution File, Format Version 12.00
# Visual Studio 14
VisualStudioVersion = 14.0.24720.0
MinimumVisualStudioVersion = 10.0.40219.1
Project("{FAE04EC0-301F-11D3-BF4B-00C04F79EFBC}") = "CamelCaseConstants", "CamelCaseConstants\CamelCaseConstants\CamelCaseConstants.csproj", "{1860628E-6E6F-4BEF-8757-96C6AD47EED2}"
EndProject
Project("{FAE04EC0-301F-11D3-BF4B-00C04F79EFBC}") = "CamelCaseConstants.Test", "CamelCaseConstants\CamelCaseConstants.Test\CamelCaseConstants.Test.csproj", "{D868E421-405F-438B-AF48-2D6207669C2F}"
EndProject
Project("{FAE04EC0-301F-11D3-BF4B-00C04F79EFBC}") = "CamelCaseConstants.Vsix", "CamelCaseConstants\CamelCaseConstants.Vsix\CamelCaseConstants.Vsix.csproj", "{488E41DF-E866-4B40-B6F5-8E1AC7051B42}"
EndProject
Global
	GlobalSection(SolutionConfigurationPlatforms) = preSolution
		Debug|Any CPU = Debug|Any CPU
		Release|Any CPU = Release|Any CPU
	EndGlobalSection
	GlobalSection(ProjectConfigurationPlatforms) = postSolution
		{1860628E-6E6F-4BEF-8757-96C6AD47EED2}.Debug|Any CPU.ActiveCfg = Debug|Any CPU
		{1860628E-6E6F-4BEF-8757-96C6AD47EED2}.Debug|Any CPU.Build.0 = Debug|Any CPU
		{1860628E-6E6F-4BEF-8757-96C6AD47EED2}.Release|Any CPU.ActiveCfg = Release|Any CPU
		{1860628E-6E6F-4BEF-8757-96C6AD47EED2}.Release|Any CPU.Build.0 = Release|Any CPU
		{D868E421-405F-438B-AF48-2D6207669C2F}.Debug|Any CPU.ActiveCfg = Debug|Any CPU
		{D868E421-405F-438B-AF48-2D6207669C2F}.Debug|Any CPU.Build.0 = Debug|Any CPU
		{D868E421-405F-438B-AF48-2D6207669C2F}.Release|Any CPU.ActiveCfg = Release|Any CPU
		{D868E421-405F-438B-AF48-2D6207669C2F}.Release|Any CPU.Build.0 = Release|Any CPU
		{488E41DF-E866-4B40-B6F5-8E1AC7051B42}.Debug|Any CPU.ActiveCfg = Debug|Any CPU
		{488E41DF-E866-4B40-B6F5-8E1AC7051B42}.Debug|Any CPU.Build.0 = Debug|Any CPU
		{488E41DF-E866-4B40-B6F5-8E1AC7051B42}.Release|Any CPU.ActiveCfg = Release|Any CPU
		{488E41DF-E866-4B40-B6F5-8E1AC7051B42}.Release|Any CPU.Build.0 = Release|Any CPU
	EndGlobalSection
	GlobalSection(SolutionProperties) = preSolution
		HideSolutionNode = FALSE
	EndGlobalSection
EndGlobal
