
Microsoft Visual Studio Solution File, Format Version 12.00
# Visual Studio 14
VisualStudioVersion = 14.0.24720.0
MinimumVisualStudioVersion = 10.0.40219.1
Project("{FAE04EC0-301F-11D3-BF4B-00C04F79EFBC}") = "ControllerUsageLogAnalyzer", "ControllerUsageLogAnalyzer\ControllerUsageLogAnalyzer\ControllerUsageLogAnalyzer.csproj", "{33461A5C-2B4C-4D27-8137-3460AB40AC6E}"
EndProject
Project("{FAE04EC0-301F-11D3-BF4B-00C04F79EFBC}") = "ControllerUsageLogAnalyzer.Test", "ControllerUsageLogAnalyzer\ControllerUsageLogAnalyzer.Test\ControllerUsageLogAnalyzer.Test.csproj", "{F5AC24D8-B0D5-465B-AFD3-6A26DD4129F3}"
EndProject
Project("{FAE04EC0-301F-11D3-BF4B-00C04F79EFBC}") = "ControllerUsageLogAnalyzer.Vsix", "ControllerUsageLogAnalyzer\ControllerUsageLogAnalyzer.Vsix\ControllerUsageLogAnalyzer.Vsix.csproj", "{9D696FC6-3965-44B9-ACF0-DF482C5C637B}"
EndProject
Global
	GlobalSection(SolutionConfigurationPlatforms) = preSolution
		Debug|Any CPU = Debug|Any CPU
		Release|Any CPU = Release|Any CPU
	EndGlobalSection
	GlobalSection(ProjectConfigurationPlatforms) = postSolution
		{33461A5C-2B4C-4D27-8137-3460AB40AC6E}.Debug|Any CPU.ActiveCfg = Debug|Any CPU
		{33461A5C-2B4C-4D27-8137-3460AB40AC6E}.Debug|Any CPU.Build.0 = Debug|Any CPU
		{33461A5C-2B4C-4D27-8137-3460AB40AC6E}.Release|Any CPU.ActiveCfg = Release|Any CPU
		{33461A5C-2B4C-4D27-8137-3460AB40AC6E}.Release|Any CPU.Build.0 = Release|Any CPU
		{F5AC24D8-B0D5-465B-AFD3-6A26DD4129F3}.Debug|Any CPU.ActiveCfg = Debug|Any CPU
		{F5AC24D8-B0D5-465B-AFD3-6A26DD4129F3}.Debug|Any CPU.Build.0 = Debug|Any CPU
		{F5AC24D8-B0D5-465B-AFD3-6A26DD4129F3}.Release|Any CPU.ActiveCfg = Release|Any CPU
		{F5AC24D8-B0D5-465B-AFD3-6A26DD4129F3}.Release|Any CPU.Build.0 = Release|Any CPU
		{9D696FC6-3965-44B9-ACF0-DF482C5C637B}.Debug|Any CPU.ActiveCfg = Debug|Any CPU
		{9D696FC6-3965-44B9-ACF0-DF482C5C637B}.Debug|Any CPU.Build.0 = Debug|Any CPU
		{9D696FC6-3965-44B9-ACF0-DF482C5C637B}.Release|Any CPU.ActiveCfg = Release|Any CPU
		{9D696FC6-3965-44B9-ACF0-DF482C5C637B}.Release|Any CPU.Build.0 = Release|Any CPU
	EndGlobalSection
	GlobalSection(SolutionProperties) = preSolution
		HideSolutionNode = FALSE
	EndGlobalSection
EndGlobal
